
Microsoft Visual Studio Solution File, Format Version 12.00
# Visual Studio Version 16
VisualStudioVersion = 16.0.31205.134
MinimumVisualStudioVersion = 10.0.40219.1
Project("{FAE04EC0-301F-11D3-BF4B-00C04F79EFBC}") = "testproject", "testproject\testproject.csproj", "{C63FC0C6-FF11-428E-94A4-DAF3CEEF803C}"
EndProject
Global
	GlobalSection(SolutionConfigurationPlatforms) = preSolution
		Debug|Any CPU = Debug|Any CPU
		Release|Any CPU = Release|Any CPU
	EndGlobalSection
	GlobalSection(ProjectConfigurationPlatforms) = postSolution
		{C63FC0C6-FF11-428E-94A4-DAF3CEEF803C}.Debug|Any CPU.ActiveCfg = Debug|Any CPU
		{C63FC0C6-FF11-428E-94A4-DAF3CEEF803C}.Debug|Any CPU.Build.0 = Debug|Any CPU
		{C63FC0C6-FF11-428E-94A4-DAF3CEEF803C}.Release|Any CPU.ActiveCfg = Release|Any CPU
		{C63FC0C6-FF11-428E-94A4-DAF3CEEF803C}.Release|Any CPU.Build.0 = Release|Any CPU
	EndGlobalSection
	GlobalSection(SolutionProperties) = preSolution
		HideSolutionNode = FALSE
	EndGlobalSection
	GlobalSection(ExtensibilityGlobals) = postSolution
		SolutionGuid = {32964AF6-ECCF-4297-84FA-199C129F6B66}
	EndGlobalSection
EndGlobal
